
Microsoft Visual Studio Solution File, Format Version 12.00
# Visual Studio Version 16
VisualStudioVersion = 16.0.29709.97
MinimumVisualStudioVersion = 10.0.40219.1
Project("{FAE04EC0-301F-11D3-BF4B-00C04F79EFBC}") = "server", "server\server.csproj", "{C9A9139C-82B1-4D95-AE0F-939B09A3D7BC}"
EndProject
Global
	GlobalSection(SolutionConfigurationPlatforms) = preSolution
		Debug|Any CPU = Debug|Any CPU
		Release|Any CPU = Release|Any CPU
	EndGlobalSection
	GlobalSection(ProjectConfigurationPlatforms) = postSolution
		{C9A9139C-82B1-4D95-AE0F-939B09A3D7BC}.Debug|Any CPU.ActiveCfg = Debug|Any CPU
		{C9A9139C-82B1-4D95-AE0F-939B09A3D7BC}.Debug|Any CPU.Build.0 = Debug|Any CPU
		{C9A9139C-82B1-4D95-AE0F-939B09A3D7BC}.Release|Any CPU.ActiveCfg = Release|Any CPU
		{C9A9139C-82B1-4D95-AE0F-939B09A3D7BC}.Release|Any CPU.Build.0 = Release|Any CPU
	EndGlobalSection
	GlobalSection(SolutionProperties) = preSolution
		HideSolutionNode = FALSE
	EndGlobalSection
	GlobalSection(ExtensibilityGlobals) = postSolution
		SolutionGuid = {E8D95EDD-D3DF-453D-8B10-3E66113BF99D}
	EndGlobalSection
EndGlobal
